
Microsoft Visual Studio Solution File, Format Version 12.00
# Visual Studio Version 17
VisualStudioVersion = 17.11.35327.3
MinimumVisualStudioVersion = 10.0.40219.1
Project("{FAE04EC0-301F-11D3-BF4B-00C04F79EFBC}") = "IP_Filters", "IP_Filters\IP_Filters.csproj", "{DD976510-57DB-45B4-9D6A-8C5E80FA46CD}"
EndProject
Global
	GlobalSection(SolutionConfigurationPlatforms) = preSolution
		Debug|Any CPU = Debug|Any CPU
		Release|Any CPU = Release|Any CPU
	EndGlobalSection
	GlobalSection(ProjectConfigurationPlatforms) = postSolution
		{DD976510-57DB-45B4-9D6A-8C5E80FA46CD}.Debug|Any CPU.ActiveCfg = Debug|Any CPU
		{DD976510-57DB-45B4-9D6A-8C5E80FA46CD}.Debug|Any CPU.Build.0 = Debug|Any CPU
		{DD976510-57DB-45B4-9D6A-8C5E80FA46CD}.Release|Any CPU.ActiveCfg = Release|Any CPU
		{DD976510-57DB-45B4-9D6A-8C5E80FA46CD}.Release|Any CPU.Build.0 = Release|Any CPU
	EndGlobalSection
	GlobalSection(SolutionProperties) = preSolution
		HideSolutionNode = FALSE
	EndGlobalSection
	GlobalSection(ExtensibilityGlobals) = postSolution
		SolutionGuid = {FE83744A-8A71-41FF-B73A-0912AB6E0712}
	EndGlobalSection
EndGlobal
